
Microsoft Visual Studio Solution File, Format Version 12.00
# Visual Studio Version 17
VisualStudioVersion = 17.8.34525.116
MinimumVisualStudioVersion = 10.0.40219.1
Project("{FAE04EC0-301F-11D3-BF4B-00C04F79EFBC}") = "ProjectManagementTool", "ProjectManagementTool\ProjectManagementTool.csproj", "{9D23FB7E-B8E2-4242-855D-128C0034B73F}"
EndProject
Global
	GlobalSection(SolutionConfigurationPlatforms) = preSolution
		Debug|Any CPU = Debug|Any CPU
		Release|Any CPU = Release|Any CPU
	EndGlobalSection
	GlobalSection(ProjectConfigurationPlatforms) = postSolution
		{9D23FB7E-B8E2-4242-855D-128C0034B73F}.Debug|Any CPU.ActiveCfg = Debug|Any CPU
		{9D23FB7E-B8E2-4242-855D-128C0034B73F}.Debug|Any CPU.Build.0 = Debug|Any CPU
		{9D23FB7E-B8E2-4242-855D-128C0034B73F}.Release|Any CPU.ActiveCfg = Release|Any CPU
		{9D23FB7E-B8E2-4242-855D-128C0034B73F}.Release|Any CPU.Build.0 = Release|Any CPU
	EndGlobalSection
	GlobalSection(SolutionProperties) = preSolution
		HideSolutionNode = FALSE
	EndGlobalSection
	GlobalSection(ExtensibilityGlobals) = postSolution
		SolutionGuid = {2A46EE2B-2D97-4E4A-95A4-A745E1E97212}
	EndGlobalSection
EndGlobal
